// !$*UTF8*$!
{
	archiveVersion = 1;
	classes = {
	};
	objectVersion = 46;
	objects = {

/* Begin PBXBuildFile section */
		AF4208971ADA1383005826C3 /* AppDelegate.swift in Sources */ = {isa = PBXBuildFile; fileRef = AF4208961ADA1383005826C3 /* AppDelegate.swift */; };
		AF4208991ADA1383005826C3 /* ViewController.swift in Sources */ = {isa = PBXBuildFile; fileRef = AF4208981ADA1383005826C3 /* ViewController.swift */; };
		AF42089C1ADA1383005826C3 /* Main.storyboard in Resources */ = {isa = PBXBuildFile; fileRef = AF42089A1ADA1383005826C3 /* Main.storyboard */; };
		AF4208A11ADA1383005826C3 /* LaunchScreen.xib in Resources */ = {isa = PBXBuildFile; fileRef = AF42089F1ADA1383005826C3 /* LaunchScreen.xib */; };
		AF4208AD1ADA1383005826C3 /* pets_social_appTests.swift in Sources */ = {isa = PBXBuildFile; fileRef = AF4208AC1ADA1383005826C3 /* pets_social_appTests.swift */; };
		AF4208B71ADA1A3E005826C3 /* AudioToolbox.framework in Frameworks */ = {isa = PBXBuildFile; fileRef = AF4208B61ADA1A3E005826C3 /* AudioToolbox.framework */; };
		AF4208B91ADA1A4B005826C3 /* CFNetwork.framework in Frameworks */ = {isa = PBXBuildFile; fileRef = AF4208B81ADA1A4B005826C3 /* CFNetwork.framework */; };
		AF4208BB1ADA1A54005826C3 /* CoreGraphics.framework in Frameworks */ = {isa = PBXBuildFile; fileRef = AF4208BA1ADA1A54005826C3 /* CoreGraphics.framework */; };
		AF4208BD1ADA1A5D005826C3 /* CoreLocation.framework in Frameworks */ = {isa = PBXBuildFile; fileRef = AF4208BC1ADA1A5D005826C3 /* CoreLocation.framework */; };
		AF4208BF1ADA1A6C005826C3 /* MobileCoreServices.framework in Frameworks */ = {isa = PBXBuildFile; fileRef = AF4208BE1ADA1A6C005826C3 /* MobileCoreServices.framework */; };
		AF4208C11ADA1A76005826C3 /* QuartzCore.framework in Frameworks */ = {isa = PBXBuildFile; fileRef = AF4208C01ADA1A76005826C3 /* QuartzCore.framework */; };
		AF4208C31ADA1A7F005826C3 /* Security.framework in Frameworks */ = {isa = PBXBuildFile; fileRef = AF4208C21ADA1A7F005826C3 /* Security.framework */; };
		AF4208C51ADA1A8D005826C3 /* StoreKit.framework in Frameworks */ = {isa = PBXBuildFile; fileRef = AF4208C41ADA1A8D005826C3 /* StoreKit.framework */; };
		AF4208C71ADA1A95005826C3 /* SystemConfiguration.framework in Frameworks */ = {isa = PBXBuildFile; fileRef = AF4208C61ADA1A95005826C3 /* SystemConfiguration.framework */; };
		AF4208C91ADA1AA2005826C3 /* libz.dylib in Frameworks */ = {isa = PBXBuildFile; fileRef = AF4208C81ADA1AA2005826C3 /* libz.dylib */; };
		AF4208CB1ADA1AAE005826C3 /* libsqlite3.dylib in Frameworks */ = {isa = PBXBuildFile; fileRef = AF4208CA1ADA1AAE005826C3 /* libsqlite3.dylib */; };
		AF4208CF1ADA1B59005826C3 /* Bolts.framework in Frameworks */ = {isa = PBXBuildFile; fileRef = AF4208CD1ADA1B58005826C3 /* Bolts.framework */; };
		AF4208D01ADA1B59005826C3 /* Parse.framework in Frameworks */ = {isa = PBXBuildFile; fileRef = AF4208CE1ADA1B59005826C3 /* Parse.framework */; };
		AF4208D51ADA293A005826C3 /* TutorialStepViewController.swift in Sources */ = {isa = PBXBuildFile; fileRef = AF4208D41ADA293A005826C3 /* TutorialStepViewController.swift */; };
		AF4208D71ADA2CAB005826C3 /* TutorialViewController.swift in Sources */ = {isa = PBXBuildFile; fileRef = AF4208D61ADA2CAB005826C3 /* TutorialViewController.swift */; };
		AFC245741ADC928900F9B97F /* Images.xcassets in Resources */ = {isa = PBXBuildFile; fileRef = AFC245731ADC928900F9B97F /* Images.xcassets */; };
		AFC245761ADCDF4B00F9B97F /* FBSDKCoreKit.framework in Frameworks */ = {isa = PBXBuildFile; fileRef = AFC245751ADCDF4B00F9B97F /* FBSDKCoreKit.framework */; };
		AFC2457A1ADCE7CA00F9B97F /* ParseFacebookUtilsV4.framework in Frameworks */ = {isa = PBXBuildFile; fileRef = AFC245791ADCE7CA00F9B97F /* ParseFacebookUtilsV4.framework */; };
		AFC2457C1ADCE89F00F9B97F /* FBSDKLoginKit.framework in Frameworks */ = {isa = PBXBuildFile; fileRef = AFC2457B1ADCE89F00F9B97F /* FBSDKLoginKit.framework */; };
/* End PBXBuildFile section */

/* Begin PBXContainerItemProxy section */
		AF4208A71ADA1383005826C3 /* PBXContainerItemProxy */ = {
			isa = PBXContainerItemProxy;
			containerPortal = AF4208891ADA1383005826C3 /* Project object */;
			proxyType = 1;
			remoteGlobalIDString = AF4208901ADA1383005826C3;
			remoteInfo = "pets-social-app";
		};
/* End PBXContainerItemProxy section */

/* Begin PBXFileReference section */
		AF4208911ADA1383005826C3 /* pets-social-app.app */ = {isa = PBXFileReference; explicitFileType = wrapper.application; includeInIndex = 0; path = "pets-social-app.app"; sourceTree = BUILT_PRODUCTS_DIR; };
		AF4208951ADA1383005826C3 /* Info.plist */ = {isa = PBXFileReference; lastKnownFileType = text.plist.xml; path = Info.plist; sourceTree = "<group>"; };
		AF4208961ADA1383005826C3 /* AppDelegate.swift */ = {isa = PBXFileReference; lastKnownFileType = sourcecode.swift; path = AppDelegate.swift; sourceTree = "<group>"; };
		AF4208981ADA1383005826C3 /* ViewController.swift */ = {isa = PBXFileReference; lastKnownFileType = sourcecode.swift; path = ViewController.swift; sourceTree = "<group>"; };
		AF42089B1ADA1383005826C3 /* Base */ = {isa = PBXFileReference; lastKnownFileType = file.storyboard; name = Base; path = Base.lproj/Main.storyboard; sourceTree = "<group>"; };
		AF4208A01ADA1383005826C3 /* Base */ = {isa = PBXFileReference; lastKnownFileType = file.xib; name = Base; path = Base.lproj/LaunchScreen.xib; sourceTree = "<group>"; };
		AF4208A61ADA1383005826C3 /* pets-social-appTests.xctest */ = {isa = PBXFileReference; explicitFileType = wrapper.cfbundle; includeInIndex = 0; path = "pets-social-appTests.xctest"; sourceTree = BUILT_PRODUCTS_DIR; };
		AF4208AB1ADA1383005826C3 /* Info.plist */ = {isa = PBXFileReference; lastKnownFileType = text.plist.xml; path = Info.plist; sourceTree = "<group>"; };
		AF4208AC1ADA1383005826C3 /* pets_social_appTests.swift */ = {isa = PBXFileReference; lastKnownFileType = sourcecode.swift; path = pets_social_appTests.swift; sourceTree = "<group>"; };
		AF4208B61ADA1A3E005826C3 /* AudioToolbox.framework */ = {isa = PBXFileReference; lastKnownFileType = wrapper.framework; name = AudioToolbox.framework; path = System/Library/Frameworks/AudioToolbox.framework; sourceTree = SDKROOT; };
		AF4208B81ADA1A4B005826C3 /* CFNetwork.framework */ = {isa = PBXFileReference; lastKnownFileType = wrapper.framework; name = CFNetwork.framework; path = System/Library/Frameworks/CFNetwork.framework; sourceTree = SDKROOT; };
		AF4208BA1ADA1A54005826C3 /* CoreGraphics.framework */ = {isa = PBXFileReference; lastKnownFileType = wrapper.framework; name = CoreGraphics.framework; path = System/Library/Frameworks/CoreGraphics.framework; sourceTree = SDKROOT; };
		AF4208BC1ADA1A5D005826C3 /* CoreLocation.framework */ = {isa = PBXFileReference; lastKnownFileType = wrapper.framework; name = CoreLocation.framework; path = System/Library/Frameworks/CoreLocation.framework; sourceTree = SDKROOT; };
		AF4208BE1ADA1A6C005826C3 /* MobileCoreServices.framework */ = {isa = PBXFileReference; lastKnownFileType = wrapper.framework; name = MobileCoreServices.framework; path = System/Library/Frameworks/MobileCoreServices.framework; sourceTree = SDKROOT; };
		AF4208C01ADA1A76005826C3 /* QuartzCore.framework */ = {isa = PBXFileReference; lastKnownFileType = wrapper.framework; name = QuartzCore.framework; path = System/Library/Frameworks/QuartzCore.framework; sourceTree = SDKROOT; };
		AF4208C21ADA1A7F005826C3 /* Security.framework */ = {isa = PBXFileReference; lastKnownFileType = wrapper.framework; name = Security.framework; path = System/Library/Frameworks/Security.framework; sourceTree = SDKROOT; };
		AF4208C41ADA1A8D005826C3 /* StoreKit.framework */ = {isa = PBXFileReference; lastKnownFileType = wrapper.framework; name = StoreKit.framework; path = System/Library/Frameworks/StoreKit.framework; sourceTree = SDKROOT; };
		AF4208C61ADA1A95005826C3 /* SystemConfiguration.framework */ = {isa = PBXFileReference; lastKnownFileType = wrapper.framework; name = SystemConfiguration.framework; path = System/Library/Frameworks/SystemConfiguration.framework; sourceTree = SDKROOT; };
		AF4208C81ADA1AA2005826C3 /* libz.dylib */ = {isa = PBXFileReference; lastKnownFileType = "compiled.mach-o.dylib"; name = libz.dylib; path = usr/lib/libz.dylib; sourceTree = SDKROOT; };
		AF4208CA1ADA1AAE005826C3 /* libsqlite3.dylib */ = {isa = PBXFileReference; lastKnownFileType = "compiled.mach-o.dylib"; name = libsqlite3.dylib; path = usr/lib/libsqlite3.dylib; sourceTree = SDKROOT; };
		AF4208CD1ADA1B58005826C3 /* Bolts.framework */ = {isa = PBXFileReference; lastKnownFileType = wrapper.framework; path = Bolts.framework; sourceTree = "<group>"; };
		AF4208CE1ADA1B59005826C3 /* Parse.framework */ = {isa = PBXFileReference; lastKnownFileType = wrapper.framework; path = Parse.framework; sourceTree = "<group>"; };
		AF4208D11ADA2108005826C3 /* pets-social-app-Bridging-Header.h */ = {isa = PBXFileReference; lastKnownFileType = sourcecode.c.h; path = "pets-social-app-Bridging-Header.h"; sourceTree = "<group>"; };
		AF4208D41ADA293A005826C3 /* TutorialStepViewController.swift */ = {isa = PBXFileReference; fileEncoding = 4; lastKnownFileType = sourcecode.swift; path = TutorialStepViewController.swift; sourceTree = "<group>"; };
		AF4208D61ADA2CAB005826C3 /* TutorialViewController.swift */ = {isa = PBXFileReference; fileEncoding = 4; lastKnownFileType = sourcecode.swift; path = TutorialViewController.swift; sourceTree = "<group>"; };
		AFC245731ADC928900F9B97F /* Images.xcassets */ = {isa = PBXFileReference; lastKnownFileType = folder.assetcatalog; path = Images.xcassets; sourceTree = "<group>"; };
		AFC245751ADCDF4B00F9B97F /* FBSDKCoreKit.framework */ = {isa = PBXFileReference; lastKnownFileType = wrapper.framework; path = FBSDKCoreKit.framework; sourceTree = "<group>"; };
		AFC245791ADCE7CA00F9B97F /* ParseFacebookUtilsV4.framework */ = {isa = PBXFileReference; lastKnownFileType = wrapper.framework; path = ParseFacebookUtilsV4.framework; sourceTree = "<group>"; };
		AFC2457B1ADCE89F00F9B97F /* FBSDKLoginKit.framework */ = {isa = PBXFileReference; lastKnownFileType = wrapper.framework; path = FBSDKLoginKit.framework; sourceTree = "<group>"; };
/* End PBXFileReference section */

/* Begin PBXFrameworksBuildPhase section */
		AF42088E1ADA1383005826C3 /* Frameworks */ = {
			isa = PBXFrameworksBuildPhase;
			buildActionMask = 2147483647;
			files = (
				AF4208CB1ADA1AAE005826C3 /* libsqlite3.dylib in Frameworks */,
				AF4208C91ADA1AA2005826C3 /* libz.dylib in Frameworks */,
				AF4208C71ADA1A95005826C3 /* SystemConfiguration.framework in Frameworks */,
				AF4208CF1ADA1B59005826C3 /* Bolts.framework in Frameworks */,
				AF4208C51ADA1A8D005826C3 /* StoreKit.framework in Frameworks */,
				AF4208C31ADA1A7F005826C3 /* Security.framework in Frameworks */,
				AF4208D01ADA1B59005826C3 /* Parse.framework in Frameworks */,
				AF4208C11ADA1A76005826C3 /* QuartzCore.framework in Frameworks */,
				AF4208BF1ADA1A6C005826C3 /* MobileCoreServices.framework in Frameworks */,
				AF4208BD1ADA1A5D005826C3 /* CoreLocation.framework in Frameworks */,
				AF4208BB1ADA1A54005826C3 /* CoreGraphics.framework in Frameworks */,
				AFC245761ADCDF4B00F9B97F /* FBSDKCoreKit.framework in Frameworks */,
				AF4208B91ADA1A4B005826C3 /* CFNetwork.framework in Frameworks */,
				AF4208B71ADA1A3E005826C3 /* AudioToolbox.framework in Frameworks */,
				AFC2457C1ADCE89F00F9B97F /* FBSDKLoginKit.framework in Frameworks */,
				AFC2457A1ADCE7CA00F9B97F /* ParseFacebookUtilsV4.framework in Frameworks */,
			);
			runOnlyForDeploymentPostprocessing = 0;
		};
		AF4208A31ADA1383005826C3 /* Frameworks */ = {
			isa = PBXFrameworksBuildPhase;
			buildActionMask = 2147483647;
			files = (
			);
			runOnlyForDeploymentPostprocessing = 0;
		};
/* End PBXFrameworksBuildPhase section */

/* Begin PBXGroup section */
		AF4208881ADA1383005826C3 = {
			isa = PBXGroup;
			children = (
				AF4208931ADA1383005826C3 /* pets-social-app */,
				AF4208A91ADA1383005826C3 /* pets-social-appTests */,
				AF4208CC1ADA1B36005826C3 /* frameworks */,
				AF4208921ADA1383005826C3 /* Products */,
			);
			sourceTree = "<group>";
		};
		AF4208921ADA1383005826C3 /* Products */ = {
			isa = PBXGroup;
			children = (
				AF4208911ADA1383005826C3 /* pets-social-app.app */,
				AF4208A61ADA1383005826C3 /* pets-social-appTests.xctest */,
			);
			name = Products;
			sourceTree = "<group>";
		};
		AF4208931ADA1383005826C3 /* pets-social-app */ = {
			isa = PBXGroup;
			children = (
				AF4208961ADA1383005826C3 /* AppDelegate.swift */,
				AF4208981ADA1383005826C3 /* ViewController.swift */,
				AF42089A1ADA1383005826C3 /* Main.storyboard */,
				AF4208D61ADA2CAB005826C3 /* TutorialViewController.swift */,
				AF4208D41ADA293A005826C3 /* TutorialStepViewController.swift */,
				AF42089F1ADA1383005826C3 /* LaunchScreen.xib */,
				AFC245731ADC928900F9B97F /* Images.xcassets */,
				AF4208941ADA1383005826C3 /* Supporting Files */,
			);
			path = "pets-social-app";
			sourceTree = "<group>";
		};
		AF4208941ADA1383005826C3 /* Supporting Files */ = {
			isa = PBXGroup;
			children = (
				AF4208D11ADA2108005826C3 /* pets-social-app-Bridging-Header.h */,
				AF4208951ADA1383005826C3 /* Info.plist */,
			);
			name = "Supporting Files";
			sourceTree = "<group>";
		};
		AF4208A91ADA1383005826C3 /* pets-social-appTests */ = {
			isa = PBXGroup;
			children = (
				AF4208AC1ADA1383005826C3 /* pets_social_appTests.swift */,
				AF4208AA1ADA1383005826C3 /* Supporting Files */,
			);
			path = "pets-social-appTests";
			sourceTree = "<group>";
		};
		AF4208AA1ADA1383005826C3 /* Supporting Files */ = {
			isa = PBXGroup;
			children = (
				AF4208AB1ADA1383005826C3 /* Info.plist */,
			);
			name = "Supporting Files";
			sourceTree = "<group>";
		};
		AF4208CC1ADA1B36005826C3 /* frameworks */ = {
			isa = PBXGroup;
			children = (
				AFC245751ADCDF4B00F9B97F /* FBSDKCoreKit.framework */,
				AF4208CD1ADA1B58005826C3 /* Bolts.framework */,
				AF4208CE1ADA1B59005826C3 /* Parse.framework */,
				AF4208CA1ADA1AAE005826C3 /* libsqlite3.dylib */,
				AFC2457B1ADCE89F00F9B97F /* FBSDKLoginKit.framework */,
				AFC245791ADCE7CA00F9B97F /* ParseFacebookUtilsV4.framework */,
				AF4208C81ADA1AA2005826C3 /* libz.dylib */,
				AF4208C61ADA1A95005826C3 /* SystemConfiguration.framework */,
				AF4208C41ADA1A8D005826C3 /* StoreKit.framework */,
				AF4208C21ADA1A7F005826C3 /* Security.framework */,
				AF4208C01ADA1A76005826C3 /* QuartzCore.framework */,
				AF4208BE1ADA1A6C005826C3 /* MobileCoreServices.framework */,
				AF4208BC1ADA1A5D005826C3 /* CoreLocation.framework */,
				AF4208BA1ADA1A54005826C3 /* CoreGraphics.framework */,
				AF4208B81ADA1A4B005826C3 /* CFNetwork.framework */,
				AF4208B61ADA1A3E005826C3 /* AudioToolbox.framework */,
			);
			name = frameworks;
			sourceTree = "<group>";
		};
/* End PBXGroup section */

/* Begin PBXNativeTarget section */
		AF4208901ADA1383005826C3 /* pets-social-app */ = {
			isa = PBXNativeTarget;
			buildConfigurationList = AF4208B01ADA1383005826C3 /* Build configuration list for PBXNativeTarget "pets-social-app" */;
			buildPhases = (
				AF42088D1ADA1383005826C3 /* Sources */,
				AF42088E1ADA1383005826C3 /* Frameworks */,
				AF42088F1ADA1383005826C3 /* Resources */,
			);
			buildRules = (
			);
			dependencies = (
			);
			name = "pets-social-app";
			productName = "pets-social-app";
			productReference = AF4208911ADA1383005826C3 /* pets-social-app.app */;
			productType = "com.apple.product-type.application";
		};
		AF4208A51ADA1383005826C3 /* pets-social-appTests */ = {
			isa = PBXNativeTarget;
			buildConfigurationList = AF4208B31ADA1383005826C3 /* Build configuration list for PBXNativeTarget "pets-social-appTests" */;
			buildPhases = (
				AF4208A21ADA1383005826C3 /* Sources */,
				AF4208A31ADA1383005826C3 /* Frameworks */,
				AF4208A41ADA1383005826C3 /* Resources */,
			);
			buildRules = (
			);
			dependencies = (
				AF4208A81ADA1383005826C3 /* PBXTargetDependency */,
			);
			name = "pets-social-appTests";
			productName = "pets-social-appTests";
			productReference = AF4208A61ADA1383005826C3 /* pets-social-appTests.xctest */;
			productType = "com.apple.product-type.bundle.unit-test";
		};
/* End PBXNativeTarget section */

/* Begin PBXProject section */
		AF4208891ADA1383005826C3 /* Project object */ = {
			isa = PBXProject;
			attributes = {
				LastUpgradeCheck = 0620;
				ORGANIZATIONNAME = Angelito;
				TargetAttributes = {
					AF4208901ADA1383005826C3 = {
						CreatedOnToolsVersion = 6.2;
					};
					AF4208A51ADA1383005826C3 = {
						CreatedOnToolsVersion = 6.2;
						TestTargetID = AF4208901ADA1383005826C3;
					};
				};
			};
			buildConfigurationList = AF42088C1ADA1383005826C3 /* Build configuration list for PBXProject "pets-social-app" */;
			compatibilityVersion = "Xcode 3.2";
			developmentRegion = English;
			hasScannedForEncodings = 0;
			knownRegions = (
				en,
				Base,
			);
			mainGroup = AF4208881ADA1383005826C3;
			productRefGroup = AF4208921ADA1383005826C3 /* Products */;
			projectDirPath = "";
			projectRoot = "";
			targets = (
				AF4208901ADA1383005826C3 /* pets-social-app */,
				AF4208A51ADA1383005826C3 /* pets-social-appTests */,
			);
		};
/* End PBXProject section */

/* Begin PBXResourcesBuildPhase section */
		AF42088F1ADA1383005826C3 /* Resources */ = {
			isa = PBXResourcesBuildPhase;
			buildActionMask = 2147483647;
			files = (
				AFC245741ADC928900F9B97F /* Images.xcassets in Resources */,
				AF42089C1ADA1383005826C3 /* Main.storyboard in Resources */,
				AF4208A11ADA1383005826C3 /* LaunchScreen.xib in Resources */,
			);
			runOnlyForDeploymentPostprocessing = 0;
		};
		AF4208A41ADA1383005826C3 /* Resources */ = {
			isa = PBXResourcesBuildPhase;
			buildActionMask = 2147483647;
			files = (
			);
			runOnlyForDeploymentPostprocessing = 0;
		};
/* End PBXResourcesBuildPhase section */

/* Begin PBXSourcesBuildPhase section */
		AF42088D1ADA1383005826C3 /* Sources */ = {
			isa = PBXSourcesBuildPhase;
			buildActionMask = 2147483647;
			files = (
				AF4208D51ADA293A005826C3 /* TutorialStepViewController.swift in Sources */,
				AF4208991ADA1383005826C3 /* ViewController.swift in Sources */,
				AF4208D71ADA2CAB005826C3 /* TutorialViewController.swift in Sources */,
				AF4208971ADA1383005826C3 /* AppDelegate.swift in Sources */,
			);
			runOnlyForDeploymentPostprocessing = 0;
		};
		AF4208A21ADA1383005826C3 /* Sources */ = {
			isa = PBXSourcesBuildPhase;
			buildActionMask = 2147483647;
			files = (
				AF4208AD1ADA1383005826C3 /* pets_social_appTests.swift in Sources */,
			);
			runOnlyForDeploymentPostprocessing = 0;
		};
/* End PBXSourcesBuildPhase section */

/* Begin PBXTargetDependency section */
		AF4208A81ADA1383005826C3 /* PBXTargetDependency */ = {
			isa = PBXTargetDependency;
			target = AF4208901ADA1383005826C3 /* pets-social-app */;
			targetProxy = AF4208A71ADA1383005826C3 /* PBXContainerItemProxy */;
		};
/* End PBXTargetDependency section */

/* Begin PBXVariantGroup section */
		AF42089A1ADA1383005826C3 /* Main.storyboard */ = {
			isa = PBXVariantGroup;
			children = (
				AF42089B1ADA1383005826C3 /* Base */,
			);
			name = Main.storyboard;
			sourceTree = "<group>";
		};
		AF42089F1ADA1383005826C3 /* LaunchScreen.xib */ = {
			isa = PBXVariantGroup;
			children = (
				AF4208A01ADA1383005826C3 /* Base */,
			);
			name = LaunchScreen.xib;
			sourceTree = "<group>";
		};
/* End PBXVariantGroup section */

/* Begin XCBuildConfiguration section */
		AF4208AE1ADA1383005826C3 /* Debug */ = {
			isa = XCBuildConfiguration;
			buildSettings = {
				ALWAYS_SEARCH_USER_PATHS = NO;
				CLANG_CXX_LANGUAGE_STANDARD = "gnu++0x";
				CLANG_CXX_LIBRARY = "libc++";
				CLANG_ENABLE_MODULES = YES;
				CLANG_ENABLE_OBJC_ARC = YES;
				CLANG_WARN_BOOL_CONVERSION = YES;
				CLANG_WARN_CONSTANT_CONVERSION = YES;
				CLANG_WARN_DIRECT_OBJC_ISA_USAGE = YES_ERROR;
				CLANG_WARN_EMPTY_BODY = YES;
				CLANG_WARN_ENUM_CONVERSION = YES;
				CLANG_WARN_INT_CONVERSION = YES;
				CLANG_WARN_OBJC_ROOT_CLASS = YES_ERROR;
				CLANG_WARN_UNREACHABLE_CODE = YES;
				CLANG_WARN__DUPLICATE_METHOD_MATCH = YES;
				"CODE_SIGN_IDENTITY[sdk=iphoneos*]" = "iPhone Developer";
				COPY_PHASE_STRIP = NO;
				ENABLE_STRICT_OBJC_MSGSEND = YES;
				GCC_C_LANGUAGE_STANDARD = gnu99;
				GCC_DYNAMIC_NO_PIC = NO;
				GCC_OPTIMIZATION_LEVEL = 0;
				GCC_PREPROCESSOR_DEFINITIONS = (
					"DEBUG=1",
					"$(inherited)",
				);
				GCC_SYMBOLS_PRIVATE_EXTERN = NO;
				GCC_WARN_64_TO_32_BIT_CONVERSION = YES;
				GCC_WARN_ABOUT_RETURN_TYPE = YES_ERROR;
				GCC_WARN_UNDECLARED_SELECTOR = YES;
				GCC_WARN_UNINITIALIZED_AUTOS = YES_AGGRESSIVE;
				GCC_WARN_UNUSED_FUNCTION = YES;
				GCC_WARN_UNUSED_VARIABLE = YES;
				IPHONEOS_DEPLOYMENT_TARGET = 8.2;
				MTL_ENABLE_DEBUG_INFO = YES;
				ONLY_ACTIVE_ARCH = YES;
				SDKROOT = iphoneos;
				SWIFT_OPTIMIZATION_LEVEL = "-Onone";
			};
			name = Debug;
		};
		AF4208AF1ADA1383005826C3 /* Release */ = {
			isa = XCBuildConfiguration;
			buildSettings = {
				ALWAYS_SEARCH_USER_PATHS = NO;
				CLANG_CXX_LANGUAGE_STANDARD = "gnu++0x";
				CLANG_CXX_LIBRARY = "libc++";
				CLANG_ENABLE_MODULES = YES;
				CLANG_ENABLE_OBJC_ARC = YES;
				CLANG_WARN_BOOL_CONVERSION = YES;
				CLANG_WARN_CONSTANT_CONVERSION = YES;
				CLANG_WARN_DIRECT_OBJC_ISA_USAGE = YES_ERROR;
				CLANG_WARN_EMPTY_BODY = YES;
				CLANG_WARN_ENUM_CONVERSION = YES;
				CLANG_WARN_INT_CONVERSION = YES;
				CLANG_WARN_OBJC_ROOT_CLASS = YES_ERROR;
				CLANG_WARN_UNREACHABLE_CODE = YES;
				CLANG_WARN__DUPLICATE_METHOD_MATCH = YES;
				"CODE_SIGN_IDENTITY[sdk=iphoneos*]" = "iPhone Developer";
				COPY_PHASE_STRIP = NO;
				ENABLE_NS_ASSERTIONS = NO;
				ENABLE_STRICT_OBJC_MSGSEND = YES;
				GCC_C_LANGUAGE_STANDARD = gnu99;
				GCC_WARN_64_TO_32_BIT_CONVERSION = YES;
				GCC_WARN_ABOUT_RETURN_TYPE = YES_ERROR;
				GCC_WARN_UNDECLARED_SELECTOR = YES;
				GCC_WARN_UNINITIALIZED_AUTOS = YES_AGGRESSIVE;
				GCC_WARN_UNUSED_FUNCTION = YES;
				GCC_WARN_UNUSED_VARIABLE = YES;
				IPHONEOS_DEPLOYMENT_TARGET = 8.2;
				MTL_ENABLE_DEBUG_INFO = NO;
				SDKROOT = iphoneos;
				VALIDATE_PRODUCT = YES;
			};
			name = Release;
		};
		AF4208B11ADA1383005826C3 /* Debug */ = {
			isa = XCBuildConfiguration;
			buildSettings = {
				ASSETCATALOG_COMPILER_APPICON_NAME = AppIcon;
				CLANG_ENABLE_MODULES = YES;
				FRAMEWORK_SEARCH_PATHS = (
					"$(inherited)",
					"$(PROJECT_DIR)",
				);
				INFOPLIST_FILE = "pets-social-app/Info.plist";
				IPHONEOS_DEPLOYMENT_TARGET = 8.1;
				LD_RUNPATH_SEARCH_PATHS = "$(inherited) @executable_path/Frameworks";
				PRODUCT_NAME = "$(TARGET_NAME)";
				SWIFT_OBJC_BRIDGING_HEADER = "pets-social-app/pets-social-app-Bridging-Header.h";
				SWIFT_OPTIMIZATION_LEVEL = "-Onone";
			};
			name = Debug;
		};
		AF4208B21ADA1383005826C3 /* Release */ = {
			isa = XCBuildConfiguration;
			buildSettings = {
				ASSETCATALOG_COMPILER_APPICON_NAME = AppIcon;
				CLANG_ENABLE_MODULES = YES;
				FRAMEWORK_SEARCH_PATHS = (
					"$(inherited)",
					"$(PROJECT_DIR)",
				);
				INFOPLIST_FILE = "pets-social-app/Info.plist";
				IPHONEOS_DEPLOYMENT_TARGET = 8.1;
				LD_RUNPATH_SEARCH_PATHS = "$(inherited) @executable_path/Frameworks";
				PRODUCT_NAME = "$(TARGET_NAME)";
				SWIFT_OBJC_BRIDGING_HEADER = "pets-social-app/pets-social-app-Bridging-Header.h";
			};
			name = Release;
		};
		AF4208B41ADA1383005826C3 /* Debug */ = {
			isa = XCBuildConfiguration;
			buildSettings = {
				BUNDLE_LOADER = "$(TEST_HOST)";
				FRAMEWORK_SEARCH_PATHS = (
					"$(SDKROOT)/Developer/Library/Frameworks",
					"$(inherited)",
				);
				GCC_PREPROCESSOR_DEFINITIONS = (
					"DEBUG=1",
					"$(inherited)",
				);
				INFOPLIST_FILE = "pets-social-appTests/Info.plist";
				LD_RUNPATH_SEARCH_PATHS = "$(inherited) @executable_path/Frameworks @loader_path/Frameworks";
				PRODUCT_NAME = "$(TARGET_NAME)";
				TEST_HOST = "$(BUILT_PRODUCTS_DIR)/pets-social-app.app/pets-social-app";
			};
			name = Debug;
		};
		AF4208B51ADA1383005826C3 /* Release */ = {
			isa = XCBuildConfiguration;
			buildSettings = {
				BUNDLE_LOADER = "$(TEST_HOST)";
				FRAMEWORK_SEARCH_PATHS = (
					"$(SDKROOT)/Developer/Library/Frameworks",
					"$(inherited)",
				);
				INFOPLIST_FILE = "pets-social-appTests/Info.plist";
				LD_RUNPATH_SEARCH_PATHS = "$(inherited) @executable_path/Frameworks @loader_path/Frameworks";
				PRODUCT_NAME = "$(TARGET_NAME)";
				TEST_HOST = "$(BUILT_PRODUCTS_DIR)/pets-social-app.app/pets-social-app";
			};
			name = Release;
		};
/* End XCBuildConfiguration section */

/* Begin XCConfigurationList section */
		AF42088C1ADA1383005826C3 /* Build configuration list for PBXProject "pets-social-app" */ = {
			isa = XCConfigurationList;
			buildConfigurations = (
				AF4208AE1ADA1383005826C3 /* Debug */,
				AF4208AF1ADA1383005826C3 /* Release */,
			);
			defaultConfigurationIsVisible = 0;
			defaultConfigurationName = Release;
		};
		AF4208B01ADA1383005826C3 /* Build configuration list for PBXNativeTarget "pets-social-app" */ = {
			isa = XCConfigurationList;
			buildConfigurations = (
				AF4208B11ADA1383005826C3 /* Debug */,
				AF4208B21ADA1383005826C3 /* Release */,
			);
			defaultConfigurationIsVisible = 0;
			defaultConfigurationName = Release;
		};
		AF4208B31ADA1383005826C3 /* Build configuration list for PBXNativeTarget "pets-social-appTests" */ = {
			isa = XCConfigurationList;
			buildConfigurations = (
				AF4208B41ADA1383005826C3 /* Debug */,
				AF4208B51ADA1383005826C3 /* Release */,
			);
			defaultConfigurationIsVisible = 0;
			defaultConfigurationName = Release;
		};
/* End XCConfigurationList section */
	};
	rootObject = AF4208891ADA1383005826C3 /* Project object */;
}
